
Microsoft Visual Studio Solution File, Format Version 12.00
# Visual Studio Version 17
VisualStudioVersion = 17.14.36301.6
MinimumVisualStudioVersion = 10.0.40219.1
Project("{2150E333-8FDC-42A3-9474-1A3956D46DE8}") = "Commons", "Commons", "{02EA681E-C7D8-13C7-8484-4AC65E1B71E8}"
EndProject
Project("{2150E333-8FDC-42A3-9474-1A3956D46DE8}") = "EndPoints", "EndPoints", "{6553126F-2886-4330-8AD2-7F878CB4A0A1}"
EndProject
Project("{2150E333-8FDC-42A3-9474-1A3956D46DE8}") = "Src", "Src", "{2245A05C-7667-466E-918C-C0280811357C}"
EndProject
Project("{FAE04EC0-301F-11D3-BF4B-00C04F79EFBC}") = "Common.Domain", "Commons\Common.Domain\Common.Domain.csproj", "{862EF8FB-D48B-4D01-943C-ACE8E1B68B09}"
EndProject
Project("{FAE04EC0-301F-11D3-BF4B-00C04F79EFBC}") = "Common.Application", "Commons\Common.Application\Common.Application.csproj", "{DF466DAE-7C04-4F7F-9604-A0C990CD78BE}"
EndProject
Project("{FAE04EC0-301F-11D3-BF4B-00C04F79EFBC}") = "Common.Infrastructure", "Commons\Common.Infrastructure\Common.Infrastructure.csproj", "{6838961A-BA5E-4F61-86AA-0206737AE0DB}"
EndProject
Project("{FAE04EC0-301F-11D3-BF4B-00C04F79EFBC}") = "Common.Query", "Commons\Common.Query\Common.Query.csproj", "{FCC1162F-76C1-40CB-99C1-6C33E64D7B40}"
EndProject
Project("{FAE04EC0-301F-11D3-BF4B-00C04F79EFBC}") = "ShahanStore.Domain", "Src\ShahanStore.Domain\ShahanStore.Domain.csproj", "{1E1FE530-6ABA-49E3-8E74-CA2DA17CCBD0}"
EndProject
Project("{FAE04EC0-301F-11D3-BF4B-00C04F79EFBC}") = "ShahanStore.Application", "Src\ShahanStore.Application\ShahanStore.Application.csproj", "{C2C2F525-0648-489E-BE57-20C48AFA3572}"
EndProject
Project("{FAE04EC0-301F-11D3-BF4B-00C04F79EFBC}") = "ShahanStore.Infrastructure", "Src\ShahanStore.Infrastructure\ShahanStore.Infrastructure.csproj", "{27ADBC0A-285F-44DC-9594-4A5C7C89BBC5}"
EndProject
Project("{FAE04EC0-301F-11D3-BF4B-00C04F79EFBC}") = "ShahanStore.Query", "Src\ShahanStore.Query\ShahanStore.Query.csproj", "{0546F1A1-DC51-46D2-B0A9-C6E59861B634}"
EndProject
Project("{FAE04EC0-301F-11D3-BF4B-00C04F79EFBC}") = "ShahanStore.Config", "Src\ShahanStore.Config\ShahanStore.Config.csproj", "{A0713E47-68A9-4A5A-8357-71B41C2D81EF}"
EndProject
Project("{FAE04EC0-301F-11D3-BF4B-00C04F79EFBC}") = "ShahanStore.API", "Src\EndPoints\ShahanStore.API\ShahanStore.API.csproj", "{98AA2C6B-3E84-454E-B2E1-B8454CE3EF80}"
EndProject
Global
	GlobalSection(SolutionConfigurationPlatforms) = preSolution
		Debug|Any CPU = Debug|Any CPU
		Release|Any CPU = Release|Any CPU
	EndGlobalSection
	GlobalSection(ProjectConfigurationPlatforms) = postSolution
		{862EF8FB-D48B-4D01-943C-ACE8E1B68B09}.Debug|Any CPU.ActiveCfg = Debug|Any CPU
		{862EF8FB-D48B-4D01-943C-ACE8E1B68B09}.Debug|Any CPU.Build.0 = Debug|Any CPU
		{862EF8FB-D48B-4D01-943C-ACE8E1B68B09}.Release|Any CPU.ActiveCfg = Release|Any CPU
		{862EF8FB-D48B-4D01-943C-ACE8E1B68B09}.Release|Any CPU.Build.0 = Release|Any CPU
		{DF466DAE-7C04-4F7F-9604-A0C990CD78BE}.Debug|Any CPU.ActiveCfg = Debug|Any CPU
		{DF466DAE-7C04-4F7F-9604-A0C990CD78BE}.Debug|Any CPU.Build.0 = Debug|Any CPU
		{DF466DAE-7C04-4F7F-9604-A0C990CD78BE}.Release|Any CPU.ActiveCfg = Release|Any CPU
		{DF466DAE-7C04-4F7F-9604-A0C990CD78BE}.Release|Any CPU.Build.0 = Release|Any CPU
		{6838961A-BA5E-4F61-86AA-0206737AE0DB}.Debug|Any CPU.ActiveCfg = Debug|Any CPU
		{6838961A-BA5E-4F61-86AA-0206737AE0DB}.Debug|Any CPU.Build.0 = Debug|Any CPU
		{6838961A-BA5E-4F61-86AA-0206737AE0DB}.Release|Any CPU.ActiveCfg = Release|Any CPU
		{6838961A-BA5E-4F61-86AA-0206737AE0DB}.Release|Any CPU.Build.0 = Release|Any CPU
		{FCC1162F-76C1-40CB-99C1-6C33E64D7B40}.Debug|Any CPU.ActiveCfg = Debug|Any CPU
		{FCC1162F-76C1-40CB-99C1-6C33E64D7B40}.Debug|Any CPU.Build.0 = Debug|Any CPU
		{FCC1162F-76C1-40CB-99C1-6C33E64D7B40}.Release|Any CPU.ActiveCfg = Release|Any CPU
		{FCC1162F-76C1-40CB-99C1-6C33E64D7B40}.Release|Any CPU.Build.0 = Release|Any CPU
		{1E1FE530-6ABA-49E3-8E74-CA2DA17CCBD0}.Debug|Any CPU.ActiveCfg = Debug|Any CPU
		{1E1FE530-6ABA-49E3-8E74-CA2DA17CCBD0}.Debug|Any CPU.Build.0 = Debug|Any CPU
		{1E1FE530-6ABA-49E3-8E74-CA2DA17CCBD0}.Release|Any CPU.ActiveCfg = Release|Any CPU
		{1E1FE530-6ABA-49E3-8E74-CA2DA17CCBD0}.Release|Any CPU.Build.0 = Release|Any CPU
		{C2C2F525-0648-489E-BE57-20C48AFA3572}.Debug|Any CPU.ActiveCfg = Debug|Any CPU
		{C2C2F525-0648-489E-BE57-20C48AFA3572}.Debug|Any CPU.Build.0 = Debug|Any CPU
		{C2C2F525-0648-489E-BE57-20C48AFA3572}.Release|Any CPU.ActiveCfg = Release|Any CPU
		{C2C2F525-0648-489E-BE57-20C48AFA3572}.Release|Any CPU.Build.0 = Release|Any CPU
		{27ADBC0A-285F-44DC-9594-4A5C7C89BBC5}.Debug|Any CPU.ActiveCfg = Debug|Any CPU
		{27ADBC0A-285F-44DC-9594-4A5C7C89BBC5}.Debug|Any CPU.Build.0 = Debug|Any CPU
		{27ADBC0A-285F-44DC-9594-4A5C7C89BBC5}.Release|Any CPU.ActiveCfg = Release|Any CPU
		{27ADBC0A-285F-44DC-9594-4A5C7C89BBC5}.Release|Any CPU.Build.0 = Release|Any CPU
		{0546F1A1-DC51-46D2-B0A9-C6E59861B634}.Debug|Any CPU.ActiveCfg = Debug|Any CPU
		{0546F1A1-DC51-46D2-B0A9-C6E59861B634}.Debug|Any CPU.Build.0 = Debug|Any CPU
		{0546F1A1-DC51-46D2-B0A9-C6E59861B634}.Release|Any CPU.ActiveCfg = Release|Any CPU
		{0546F1A1-DC51-46D2-B0A9-C6E59861B634}.Release|Any CPU.Build.0 = Release|Any CPU
		{A0713E47-68A9-4A5A-8357-71B41C2D81EF}.Debug|Any CPU.ActiveCfg = Debug|Any CPU
		{A0713E47-68A9-4A5A-8357-71B41C2D81EF}.Debug|Any CPU.Build.0 = Debug|Any CPU
		{A0713E47-68A9-4A5A-8357-71B41C2D81EF}.Release|Any CPU.ActiveCfg = Release|Any CPU
		{A0713E47-68A9-4A5A-8357-71B41C2D81EF}.Release|Any CPU.Build.0 = Release|Any CPU
		{98AA2C6B-3E84-454E-B2E1-B8454CE3EF80}.Debug|Any CPU.ActiveCfg = Debug|Any CPU
		{98AA2C6B-3E84-454E-B2E1-B8454CE3EF80}.Debug|Any CPU.Build.0 = Debug|Any CPU
		{98AA2C6B-3E84-454E-B2E1-B8454CE3EF80}.Release|Any CPU.ActiveCfg = Release|Any CPU
		{98AA2C6B-3E84-454E-B2E1-B8454CE3EF80}.Release|Any CPU.Build.0 = Release|Any CPU
	EndGlobalSection
	GlobalSection(SolutionProperties) = preSolution
		HideSolutionNode = FALSE
	EndGlobalSection
	GlobalSection(NestedProjects) = preSolution
		{6553126F-2886-4330-8AD2-7F878CB4A0A1} = {2245A05C-7667-466E-918C-C0280811357C}
		{862EF8FB-D48B-4D01-943C-ACE8E1B68B09} = {02EA681E-C7D8-13C7-8484-4AC65E1B71E8}
		{DF466DAE-7C04-4F7F-9604-A0C990CD78BE} = {02EA681E-C7D8-13C7-8484-4AC65E1B71E8}
		{6838961A-BA5E-4F61-86AA-0206737AE0DB} = {02EA681E-C7D8-13C7-8484-4AC65E1B71E8}
		{FCC1162F-76C1-40CB-99C1-6C33E64D7B40} = {02EA681E-C7D8-13C7-8484-4AC65E1B71E8}
		{1E1FE530-6ABA-49E3-8E74-CA2DA17CCBD0} = {2245A05C-7667-466E-918C-C0280811357C}
		{C2C2F525-0648-489E-BE57-20C48AFA3572} = {2245A05C-7667-466E-918C-C0280811357C}
		{27ADBC0A-285F-44DC-9594-4A5C7C89BBC5} = {2245A05C-7667-466E-918C-C0280811357C}
		{0546F1A1-DC51-46D2-B0A9-C6E59861B634} = {2245A05C-7667-466E-918C-C0280811357C}
		{A0713E47-68A9-4A5A-8357-71B41C2D81EF} = {2245A05C-7667-466E-918C-C0280811357C}
		{98AA2C6B-3E84-454E-B2E1-B8454CE3EF80} = {6553126F-2886-4330-8AD2-7F878CB4A0A1}
	EndGlobalSection
	GlobalSection(ExtensibilityGlobals) = postSolution
		SolutionGuid = {542DF271-E365-4C59-A2AE-C01CE9A17FD0}
	EndGlobalSection
EndGlobal
